PODS:
  - 1PasswordExtension (1.8.4)
  - ActionSheetPicker-3.0 (2.2.0)
  - Alamofire (4.5.0)
  - Bolts (1.8.4):
    - Bolts/AppLinks (= 1.8.4)
    - Bolts/Tasks (= 1.8.4)
  - Bolts/AppLinks (1.8.4):
    - Bolts/Tasks
  - Bolts/Tasks (1.8.4)
  - BTNavigationDropdownMenu (0.4.1)
  - Cartography (1.1.0)
  - Diff (0.5.3)
  - DynamicColor (3.3)
  - DZNEmptyDataSet (1.8.1)
  - FBSDKCoreKit (4.25.0):
    - Bolts (~> 1.7)
  - FBSDKLoginKit (4.25.0):
    - FBSDKCoreKit
  - Heimdallr (3.6.1):
    - Heimdallr/Core (= 3.6.1)
  - Heimdallr/Core (3.6.1):
    - Result (~> 3.0)
  - IQKeyboardManager (5.0.0)
  - Keys (1.0.0)
  - Kingfisher (3.13.1)
  - Nimble (7.0.1)
  - NVActivityIndicatorView (3.7.0):
    - NVActivityIndicatorView/Presenter (= 3.7.0)
  - NVActivityIndicatorView/Presenter (3.7.0)
  - OHHTTPStubs (6.0.0):
    - OHHTTPStubs/Default (= 6.0.0)
  - OHHTTPStubs/Core (6.0.0)
  - OHHTTPStubs/Default (6.0.0):
    - OHHTTPStubs/Core
    - OHHTTPStubs/JSON
    - OHHTTPStubs/NSURLSession
    - OHHTTPStubs/OHPathHelpers
  - OHHTTPStubs/JSON (6.0.0):
    - OHHTTPStubs/Core
  - OHHTTPStubs/NSURLSession (6.0.0):
    - OHHTTPStubs/Core
  - OHHTTPStubs/OHPathHelpers (6.0.0)
  - OHHTTPStubs/Swift (6.0.0):
    - OHHTTPStubs/Default
  - Quick (1.1.0)
  - Realm (3.0.2):
    - Realm/Headers (= 3.0.2)
  - Realm/Headers (3.0.2)
  - RealmSwift (3.0.2):
    - Realm (= 3.0.2)
  - Result (3.2.3)
  - Reusable (4.0.0):
    - Reusable/Storyboard (= 4.0.0)
    - Reusable/View (= 4.0.0)
  - Reusable/Storyboard (4.0.0)
  - Reusable/View (4.0.0)
  - Siren (2.0.7)
  - SKPhotoBrowser (4.0.1)
  - SwiftyJSON (3.1.4)
  - XCDYouTubeKit (2.5.5)
  - XLPagerTabStrip (7.0.0)

DEPENDENCIES:
  - 1PasswordExtension (~> 1.8.4)
  - ActionSheetPicker-3.0 (~> 2.2.0)
  - Alamofire (~> 4.5)
  - BTNavigationDropdownMenu (from `https://github.com/PhamBaTho/BTNavigationDropdownMenu.git`, branch `swift-3.0`)
  - Cartography (~> 1.1)
  - Diff (~> 0.5.3)
  - DynamicColor (~> 3.3)
  - DZNEmptyDataSet (~> 1.8)
  - FBSDKLoginKit (~> 4.25)
  - Heimdallr (~> 3.6.1)
  - IQKeyboardManager (= 5.0.0)
  - Keys (from `Pods/CocoaPodsKeys`)
  - Kingfisher (~> 3.13)
  - Nimble (~> 7.0)
  - NVActivityIndicatorView (~> 3.7)
  - OHHTTPStubs (~> 6.0)
  - OHHTTPStubs/Swift
  - Quick (~> 1.1)
  - RealmSwift (~> 3.0.2)
  - Reusable (~> 4.0)
  - Siren (~> 2.0.7)
  - SKPhotoBrowser (~> 4.0.1)
  - SwiftyJSON (~> 3.1.4)
  - XCDYouTubeKit (~> 2.5.5)
  - XLPagerTabStrip (~> 7.0)

EXTERNAL SOURCES:
  BTNavigationDropdownMenu:
    :branch: swift-3.0
    :git: https://github.com/PhamBaTho/BTNavigationDropdownMenu.git
  Keys:
    :path: Pods/CocoaPodsKeys

CHECKOUT OPTIONS:
  BTNavigationDropdownMenu:
    :commit: 2c08c8579cf7a53ecb3dbf578e6e1034080a9859
    :git: https://github.com/PhamBaTho/BTNavigationDropdownMenu.git

SPEC CHECKSUMS:
  1PasswordExtension: e775a29310c65851e5a6cec1afc349ab4e334e47
  ActionSheetPicker-3.0: d11a4c12c6aaf704b8a3f56d179198c99f3e41e6
  Alamofire: f28cdffd29de33a7bfa022cbd63ae95a27fae140
  Bolts: 8a7995239dbe724f9cba2248b766d48b7ebdd322
  BTNavigationDropdownMenu: 093f3cbfad1572f2c222bdf8d17584d1e13380d4
  Cartography: 0538ccb4044acbbda2266335fc58cb4228794d90
  Diff: befa1d19c32726b2b36ce915d98793e2fbde8dcc
  DynamicColor: 3cdaa1e01c16e93ba744e0630f768373e0fc7a7d
  DZNEmptyDataSet: 9525833b9e68ac21c30253e1d3d7076cc828eaa7
  FBSDKCoreKit: 53e3f4bfb64e80c5f229dd30ae33ff57fbbbd2d1
  FBSDKLoginKit: f628c09684dae9c17f071cf90b014e886f5093ea
  Heimdallr: d2a8b1dc3ecc7ad249c9ffd20c990e2248fcd599
  IQKeyboardManager: 5edc5bcd5cd3e6982924e6318b82c57099eb0a6c
  Keys: 9c35bf00f612ee1d48556f4a4b9b4551e224e90f
  Kingfisher: ed9707a409cc47fddafbcd12a43a9757e3600af5
  Nimble: 657d000e11df8aebe27cdaf9d244de7f30ed87f7
  NVActivityIndicatorView: d3738df7e2e476aca0ba6bf32a8c9fbcfc33d64b
  OHHTTPStubs: 752f9b11fd810a15162d50f11c06ff94f8e012eb
  Quick: dafc587e21eed9f4cab3249b9f9015b0b7a7f71d
  Realm: 6f23fd1f178a09342eac21bfa7c2bf4312a7a180
  RealmSwift: 695393add1b8f9d5fa75dd16e6355cf3935f71e2
  Result: 128640a6347e8d2ae48b142556739a2d13f90ce6
  Reusable: 98e5fff1e0e2e00872199699b276dde08ee56c07
  Siren: e51ff27a8e83c3b7508fc7e41becbfa16523b26c
  SKPhotoBrowser: 3a7c6fc02aa1620ab17253a47a49fafda46536e8
  SwiftyJSON: c2842d878f95482ffceec5709abc3d05680c0220
  XCDYouTubeKit: 86f4e7a9c2baa7b7adf6abfc28ac3ab34927be2d
  XLPagerTabStrip: 9be80a66c6b7d60306b2c0a6004965016d68f813

PODFILE CHECKSUM: fdd45a97fc0fe5aa9146f93b08b94fa973c8574a

COCOAPODS: 1.2.0
