PODS:
  - Keys (1.0.0)
  - Realm (2.0.3):
    - Realm/Headers (= 2.0.3)
  - Realm/Headers (2.0.3)
  - RealmSwift (2.0.3):
    - Realm (= 2.0.3)

DEPENDENCIES:
  - Keys (from `Pods/CocoaPodsKeys`)
  - Realm (from `https://github.com/realm/realm-cocoa.git`, branch `master`)
  - RealmSwift (from `https://github.com/realm/realm-cocoa.git`, branch `master`)

EXTERNAL SOURCES:
  Keys:
    :path: Pods/CocoaPodsKeys
  Realm:
    :branch: master
    :git: https://github.com/realm/realm-cocoa.git
    :submodules: true
  RealmSwift:
    :branch: master
    :git: https://github.com/realm/realm-cocoa.git
    :submodules: true

CHECKOUT OPTIONS:
  Realm:
    :commit: eb4c36f2b7e287f82bb1ca67602fff20ac030a1a
    :git: https://github.com/realm/realm-cocoa.git
    :submodules: true
  RealmSwift:
    :commit: eb4c36f2b7e287f82bb1ca67602fff20ac030a1a
    :git: https://github.com/realm/realm-cocoa.git
    :submodules: true

SPEC CHECKSUMS:
  Keys: 9c35bf00f612ee1d48556f4a4b9b4551e224e90f
  Realm: 5f008bfe3c8c47142eddfc30b8c1584cde22db24
  RealmSwift: 79a9bc83e7ef4fbde17e0f303c5fadb99264a6be

PODFILE CHECKSUM: 9dff4e4069b4752c0f7e24a4dab14ca8c5564548

COCOAPODS: 1.1.1
